// !$*UTF8*$!
{
	archiveVersion = 1;
	classes = {
	};
	objectVersion = 50;
	objects = {

/* Begin PBXBuildFile section */
		278935EE26387D2500523D2B /* AddBookView.swift in Sources */ = {isa = PBXBuildFile; fileRef = 278935ED26387D2500523D2B /* AddBookView.swift */; };
		27BC9E06263878200006F13F /* Bookworm2App.swift in Sources */ = {isa = PBXBuildFile; fileRef = 27BC9E05263878200006F13F /* Bookworm2App.swift */; };
		27BC9E08263878200006F13F /* ContentView.swift in Sources */ = {isa = PBXBuildFile; fileRef = 27BC9E07263878200006F13F /* ContentView.swift */; };
		27BC9E0A263878210006F13F /* Assets.xcassets in Resources */ = {isa = PBXBuildFile; fileRef = 27BC9E09263878210006F13F /* Assets.xcassets */; };
		27BC9E0D263878210006F13F /* Preview Assets.xcassets in Resources */ = {isa = PBXBuildFile; fileRef = 27BC9E0C263878210006F13F /* Preview Assets.xcassets */; };
		27BC9E0F263878210006F13F /* Persistence.swift in Sources */ = {isa = PBXBuildFile; fileRef = 27BC9E0E263878210006F13F /* Persistence.swift */; };
		27BC9E12263878210006F13F /* Bookworm2.xcdatamodeld in Sources */ = {isa = PBXBuildFile; fileRef = 27BC9E10263878210006F13F /* Bookworm2.xcdatamodeld */; };
/* End PBXBuildFile section */

/* Begin PBXFileReference section */
		278935ED26387D2500523D2B /* AddBookView.swift */ = {isa = PBXFileReference; lastKnownFileType = sourcecode.swift; path = AddBookView.swift; sourceTree = "<group>"; };
		27BC9E02263878200006F13F /* Bookworm2.app */ = {isa = PBXFileReference; explicitFileType = wrapper.application; includeInIndex = 0; path = Bookworm2.app; sourceTree = BUILT_PRODUCTS_DIR; };
		27BC9E05263878200006F13F /* Bookworm2App.swift */ = {isa = PBXFileReference; lastKnownFileType = sourcecode.swift; path = Bookworm2App.swift; sourceTree = "<group>"; };
		27BC9E07263878200006F13F /* ContentView.swift */ = {isa = PBXFileReference; lastKnownFileType = sourcecode.swift; path = ContentView.swift; sourceTree = "<group>"; };
		27BC9E09263878210006F13F /* Assets.xcassets */ = {isa = PBXFileReference; lastKnownFileType = folder.assetcatalog; path = Assets.xcassets; sourceTree = "<group>"; };
		27BC9E0C263878210006F13F /* Preview Assets.xcassets */ = {isa = PBXFileReference; lastKnownFileType = folder.assetcatalog; path = "Preview Assets.xcassets"; sourceTree = "<group>"; };
		27BC9E0E263878210006F13F /* Persistence.swift */ = {isa = PBXFileReference; lastKnownFileType = sourcecode.swift; path = Persistence.swift; sourceTree = "<group>"; };
		27BC9E11263878210006F13F /* Bookworm2.xcdatamodel */ = {isa = PBXFileReference; lastKnownFileType = wrapper.xcdatamodel; path = Bookworm2.xcdatamodel; sourceTree = "<group>"; };
		27BC9E13263878210006F13F /* Info.plist */ = {isa = PBXFileReference; lastKnownFileType = text.plist.xml; path = Info.plist; sourceTree = "<group>"; };
/* End PBXFileReference section */

/* Begin PBXFrameworksBuildPhase section */
		27BC9DFF263878200006F13F /* Frameworks */ = {
			isa = PBXFrameworksBuildPhase;
			buildActionMask = 2147483647;
			files = (
			);
			runOnlyForDeploymentPostprocessing = 0;
		};
/* End PBXFrameworksBuildPhase section */

/* Begin PBXGroup section */
		27BC9DF9263878200006F13F = {
			isa = PBXGroup;
			children = (
				27BC9E04263878200006F13F /* Bookworm2 */,
				27BC9E03263878200006F13F /* Products */,
			);
			sourceTree = "<group>";
		};
		27BC9E03263878200006F13F /* Products */ = {
			isa = PBXGroup;
			children = (
				27BC9E02263878200006F13F /* Bookworm2.app */,
			);
			name = Products;
			sourceTree = "<group>";
		};
		27BC9E04263878200006F13F /* Bookworm2 */ = {
			isa = PBXGroup;
			children = (
				27BC9E05263878200006F13F /* Bookworm2App.swift */,
				27BC9E07263878200006F13F /* ContentView.swift */,
				278935ED26387D2500523D2B /* AddBookView.swift */,
				27BC9E09263878210006F13F /* Assets.xcassets */,
				27BC9E0E263878210006F13F /* Persistence.swift */,
				27BC9E13263878210006F13F /* Info.plist */,
				27BC9E10263878210006F13F /* Bookworm2.xcdatamodeld */,
				27BC9E0B263878210006F13F /* Preview Content */,
			);
			path = Bookworm2;
			sourceTree = "<group>";
		};
		27BC9E0B263878210006F13F /* Preview Content */ = {
			isa = PBXGroup;
			children = (
				27BC9E0C263878210006F13F /* Preview Assets.xcassets */,
			);
			path = "Preview Content";
			sourceTree = "<group>";
		};
/* End PBXGroup section */

/* Begin PBXNativeTarget section */
		27BC9E01263878200006F13F /* Bookworm2 */ = {
			isa = PBXNativeTarget;
			buildConfigurationList = 27BC9E16263878210006F13F /* Build configuration list for PBXNativeTarget "Bookworm2" */;
			buildPhases = (
				27BC9DFE263878200006F13F /* Sources */,
				27BC9DFF263878200006F13F /* Frameworks */,
				27BC9E00263878200006F13F /* Resources */,
			);
			buildRules = (
			);
			dependencies = (
			);
			name = Bookworm2;
			productName = Bookworm2;
			productReference = 27BC9E02263878200006F13F /* Bookworm2.app */;
			productType = "com.apple.product-type.application";
		};
/* End PBXNativeTarget section */

/* Begin PBXProject section */
		27BC9DFA263878200006F13F /* Project object */ = {
			isa = PBXProject;
			attributes = {
				LastSwiftUpdateCheck = 1240;
				LastUpgradeCheck = 1240;
				TargetAttributes = {
					27BC9E01263878200006F13F = {
						CreatedOnToolsVersion = 12.4;
					};
				};
			};
			buildConfigurationList = 27BC9DFD263878200006F13F /* Build configuration list for PBXProject "Bookworm2" */;
			compatibilityVersion = "Xcode 9.3";
			developmentRegion = en;
			hasScannedForEncodings = 0;
			knownRegions = (
				en,
				Base,
			);
			mainGroup = 27BC9DF9263878200006F13F;
			productRefGroup = 27BC9E03263878200006F13F /* Products */;
			projectDirPath = "";
			projectRoot = "";
			targets = (
				27BC9E01263878200006F13F /* Bookworm2 */,
			);
		};
/* End PBXProject section */

/* Begin PBXResourcesBuildPhase section */
		27BC9E00263878200006F13F /* Resources */ = {
			isa = PBXResourcesBuildPhase;
			buildActionMask = 2147483647;
			files = (
				27BC9E0D263878210006F13F /* Preview Assets.xcassets in Resources */,
				27BC9E0A263878210006F13F /* Assets.xcassets in Resources */,
			);
			runOnlyForDeploymentPostprocessing = 0;
		};
/* End PBXResourcesBuildPhase section */

/* Begin PBXSourcesBuildPhase section */
		27BC9DFE263878200006F13F /* Sources */ = {
			isa = PBXSourcesBuildPhase;
			buildActionMask = 2147483647;
			files = (
				27BC9E12263878210006F13F /* Bookworm2.xcdatamodeld in Sources */,
				27BC9E0F263878210006F13F /* Persistence.swift in Sources */,
				27BC9E08263878200006F13F /* ContentView.swift in Sources */,
				27BC9E06263878200006F13F /* Bookworm2App.swift in Sources */,
				278935EE26387D2500523D2B /* AddBookView.swift in Sources */,
			);
			runOnlyForDeploymentPostprocessing = 0;
		};
/* End PBXSourcesBuildPhase section */

/* Begin XCBuildConfiguration section */
		27BC9E14263878210006F13F /* Debug */ = {
			isa = XCBuildConfiguration;
			buildSettings = {
				ALWAYS_SEARCH_USER_PATHS = NO;
				CLANG_ANALYZER_NONNULL = YES;
				CLANG_ANALYZER_NUMBER_OBJECT_CONVERSION = YES_AGGRESSIVE;
				CLANG_CXX_LANGUAGE_STANDARD = "gnu++14";
				CLANG_CXX_LIBRARY = "libc++";
				CLANG_ENABLE_MODULES = YES;
				CLANG_ENABLE_OBJC_ARC = YES;
				CLANG_ENABLE_OBJC_WEAK = YES;
				CLANG_WARN_BLOCK_CAPTURE_AUTORELEASING = YES;
				CLANG_WARN_BOOL_CONVERSION = YES;
				CLANG_WARN_COMMA = YES;
				CLANG_WARN_CONSTANT_CONVERSION = YES;
				CLANG_WARN_DEPRECATED_OBJC_IMPLEMENTATIONS = YES;
				CLANG_WARN_DIRECT_OBJC_ISA_USAGE = YES_ERROR;
				CLANG_WARN_DOCUMENTATION_COMMENTS = YES;
				CLANG_WARN_EMPTY_BODY = YES;
				CLANG_WARN_ENUM_CONVERSION = YES;
				CLANG_WARN_INFINITE_RECURSION = YES;
				CLANG_WARN_INT_CONVERSION = YES;
				CLANG_WARN_NON_LITERAL_NULL_CONVERSION = YES;
				CLANG_WARN_OBJC_IMPLICIT_RETAIN_SELF = YES;
				CLANG_WARN_OBJC_LITERAL_CONVERSION = YES;
				CLANG_WARN_OBJC_ROOT_CLASS = YES_ERROR;
				CLANG_WARN_QUOTED_INCLUDE_IN_FRAMEWORK_HEADER = YES;
				CLANG_WARN_RANGE_LOOP_ANALYSIS = YES;
				CLANG_WARN_STRICT_PROTOTYPES = YES;
				CLANG_WARN_SUSPICIOUS_MOVE = YES;
				CLANG_WARN_UNGUARDED_AVAILABILITY = YES_AGGRESSIVE;
				CLANG_WARN_UNREACHABLE_CODE = YES;
				CLANG_WARN__DUPLICATE_METHOD_MATCH = YES;
				COPY_PHASE_STRIP = NO;
				DEBUG_INFORMATION_FORMAT = dwarf;
				ENABLE_STRICT_OBJC_MSGSEND = YES;
				ENABLE_TESTABILITY = YES;
				GCC_C_LANGUAGE_STANDARD = gnu11;
				GCC_DYNAMIC_NO_PIC = NO;
				GCC_NO_COMMON_BLOCKS = YES;
				GCC_OPTIMIZATION_LEVEL = 0;
				GCC_PREPROCESSOR_DEFINITIONS = (
					"DEBUG=1",
					"$(inherited)",
				);
				GCC_WARN_64_TO_32_BIT_CONVERSION = YES;
				GCC_WARN_ABOUT_RETURN_TYPE = YES_ERROR;
				GCC_WARN_UNDECLARED_SELECTOR = YES;
				GCC_WARN_UNINITIALIZED_AUTOS = YES_AGGRESSIVE;
				GCC_WARN_UNUSED_FUNCTION = YES;
				GCC_WARN_UNUSED_VARIABLE = YES;
				IPHONEOS_DEPLOYMENT_TARGET = 14.4;
				MTL_ENABLE_DEBUG_INFO = INCLUDE_SOURCE;
				MTL_FAST_MATH = YES;
				ONLY_ACTIVE_ARCH = YES;
				SDKROOT = iphoneos;
				SWIFT_ACTIVE_COMPILATION_CONDITIONS = DEBUG;
				SWIFT_OPTIMIZATION_LEVEL = "-Onone";
			};
			name = Debug;
		};
		27BC9E15263878210006F13F /* Release */ = {
			isa = XCBuildConfiguration;
			buildSettings = {
				ALWAYS_SEARCH_USER_PATHS = NO;
				CLANG_ANALYZER_NONNULL = YES;
				CLANG_ANALYZER_NUMBER_OBJECT_CONVERSION = YES_AGGRESSIVE;
				CLANG_CXX_LANGUAGE_STANDARD = "gnu++14";
				CLANG_CXX_LIBRARY = "libc++";
				CLANG_ENABLE_MODULES = YES;
				CLANG_ENABLE_OBJC_ARC = YES;
				CLANG_ENABLE_OBJC_WEAK = YES;
				CLANG_WARN_BLOCK_CAPTURE_AUTORELEASING = YES;
				CLANG_WARN_BOOL_CONVERSION = YES;
				CLANG_WARN_COMMA = YES;
				CLANG_WARN_CONSTANT_CONVERSION = YES;
				CLANG_WARN_DEPRECATED_OBJC_IMPLEMENTATIONS = YES;
				CLANG_WARN_DIRECT_OBJC_ISA_USAGE = YES_ERROR;
				CLANG_WARN_DOCUMENTATION_COMMENTS = YES;
				CLANG_WARN_EMPTY_BODY = YES;
				CLANG_WARN_ENUM_CONVERSION = YES;
				CLANG_WARN_INFINITE_RECURSION = YES;
				CLANG_WARN_INT_CONVERSION = YES;
				CLANG_WARN_NON_LITERAL_NULL_CONVERSION = YES;
				CLANG_WARN_OBJC_IMPLICIT_RETAIN_SELF = YES;
				CLANG_WARN_OBJC_LITERAL_CONVERSION = YES;
				CLANG_WARN_OBJC_ROOT_CLASS = YES_ERROR;
				CLANG_WARN_QUOTED_INCLUDE_IN_FRAMEWORK_HEADER = YES;
				CLANG_WARN_RANGE_LOOP_ANALYSIS = YES;
				CLANG_WARN_STRICT_PROTOTYPES = YES;
				CLANG_WARN_SUSPICIOUS_MOVE = YES;
				CLANG_WARN_UNGUARDED_AVAILABILITY = YES_AGGRESSIVE;
				CLANG_WARN_UNREACHABLE_CODE = YES;
				CLANG_WARN__DUPLICATE_METHOD_MATCH = YES;
				COPY_PHASE_STRIP = NO;
				DEBUG_INFORMATION_FORMAT = "dwarf-with-dsym";
				ENABLE_NS_ASSERTIONS = NO;
				ENABLE_STRICT_OBJC_MSGSEND = YES;
				GCC_C_LANGUAGE_STANDARD = gnu11;
				GCC_NO_COMMON_BLOCKS = YES;
				GCC_WARN_64_TO_32_BIT_CONVERSION = YES;
				GCC_WARN_ABOUT_RETURN_TYPE = YES_ERROR;
				GCC_WARN_UNDECLARED_SELECTOR = YES;
				GCC_WARN_UNINITIALIZED_AUTOS = YES_AGGRESSIVE;
				GCC_WARN_UNUSED_FUNCTION = YES;
				GCC_WARN_UNUSED_VARIABLE = YES;
				IPHONEOS_DEPLOYMENT_TARGET = 14.4;
				MTL_ENABLE_DEBUG_INFO = NO;
				MTL_FAST_MATH = YES;
				SDKROOT = iphoneos;
				SWIFT_COMPILATION_MODE = wholemodule;
				SWIFT_OPTIMIZATION_LEVEL = "-O";
				VALIDATE_PRODUCT = YES;
			};
			name = Release;
		};
		27BC9E17263878210006F13F /* Debug */ = {
			isa = XCBuildConfiguration;
			buildSettings = {
				ASSETCATALOG_COMPILER_APPICON_NAME = AppIcon;
				ASSETCATALOG_COMPILER_GLOBAL_ACCENT_COLOR_NAME = AccentColor;
				CODE_SIGN_STYLE = Automatic;
				DEVELOPMENT_ASSET_PATHS = "\"Bookworm2/Preview Content\"";
				DEVELOPMENT_TEAM = S7QK3PZ8XV;
				ENABLE_PREVIEWS = YES;
				INFOPLIST_FILE = Bookworm2/Info.plist;
				IPHONEOS_DEPLOYMENT_TARGET = 14.0;
				LD_RUNPATH_SEARCH_PATHS = (
					"$(inherited)",
					"@executable_path/Frameworks",
				);
				PRODUCT_BUNDLE_IDENTIFIER = tan.Bookworm2;
				PRODUCT_NAME = "$(TARGET_NAME)";
				SWIFT_VERSION = 5.0;
				TARGETED_DEVICE_FAMILY = "1,2";
			};
			name = Debug;
		};
		27BC9E18263878210006F13F /* Release */ = {
			isa = XCBuildConfiguration;
			buildSettings = {
				ASSETCATALOG_COMPILER_APPICON_NAME = AppIcon;
				ASSETCATALOG_COMPILER_GLOBAL_ACCENT_COLOR_NAME = AccentColor;
				CODE_SIGN_STYLE = Automatic;
				DEVELOPMENT_ASSET_PATHS = "\"Bookworm2/Preview Content\"";
				DEVELOPMENT_TEAM = S7QK3PZ8XV;
				ENABLE_PREVIEWS = YES;
				INFOPLIST_FILE = Bookworm2/Info.plist;
				IPHONEOS_DEPLOYMENT_TARGET = 14.0;
				LD_RUNPATH_SEARCH_PATHS = (
					"$(inherited)",
					"@executable_path/Frameworks",
				);
				PRODUCT_BUNDLE_IDENTIFIER = tan.Bookworm2;
				PRODUCT_NAME = "$(TARGET_NAME)";
				SWIFT_VERSION = 5.0;
				TARGETED_DEVICE_FAMILY = "1,2";
			};
			name = Release;
		};
/* End XCBuildConfiguration section */

/* Begin XCConfigurationList section */
		27BC9DFD263878200006F13F /* Build configuration list for PBXProject "Bookworm2" */ = {
			isa = XCConfigurationList;
			buildConfigurations = (
				27BC9E14263878210006F13F /* Debug */,
				27BC9E15263878210006F13F /* Release */,
			);
			defaultConfigurationIsVisible = 0;
			defaultConfigurationName = Release;
		};
		27BC9E16263878210006F13F /* Build configuration list for PBXNativeTarget "Bookworm2" */ = {
			isa = XCConfigurationList;
			buildConfigurations = (
				27BC9E17263878210006F13F /* Debug */,
				27BC9E18263878210006F13F /* Release */,
			);
			defaultConfigurationIsVisible = 0;
			defaultConfigurationName = Release;
		};
/* End XCConfigurationList section */

/* Begin XCVersionGroup section */
		27BC9E10263878210006F13F /* Bookworm2.xcdatamodeld */ = {
			isa = XCVersionGroup;
			children = (
				27BC9E11263878210006F13F /* Bookworm2.xcdatamodel */,
			);
			currentVersion = 27BC9E11263878210006F13F /* Bookworm2.xcdatamodel */;
			path = Bookworm2.xcdatamodeld;
			sourceTree = "<group>";
			versionGroupType = wrapper.xcdatamodel;
		};
/* End XCVersionGroup section */
	};
	rootObject = 27BC9DFA263878200006F13F /* Project object */;
}
